
Microsoft Visual Studio Solution File, Format Version 12.00
# Visual Studio 15
VisualStudioVersion = 15.0.28307.1738
MinimumVisualStudioVersion = 10.0.40219.1
Project("{FAE04EC0-301F-11D3-BF4B-00C04F79EFBC}") = "BillManager", "BillManager\BillManager.csproj", "{31A9BC58-7C79-460F-AADC-561FC7061845}"
EndProject
Global
	GlobalSection(SolutionConfigurationPlatforms) = preSolution
		Debug|Any CPU = Debug|Any CPU
		Release|Any CPU = Release|Any CPU
	EndGlobalSection
	GlobalSection(ProjectConfigurationPlatforms) = postSolution
		{31A9BC58-7C79-460F-AADC-561FC7061845}.Debug|Any CPU.ActiveCfg = Debug|Any CPU
		{31A9BC58-7C79-460F-AADC-561FC7061845}.Debug|Any CPU.Build.0 = Debug|Any CPU
		{31A9BC58-7C79-460F-AADC-561FC7061845}.Release|Any CPU.ActiveCfg = Release|Any CPU
		{31A9BC58-7C79-460F-AADC-561FC7061845}.Release|Any CPU.Build.0 = Release|Any CPU
	EndGlobalSection
	GlobalSection(SolutionProperties) = preSolution
		HideSolutionNode = FALSE
	EndGlobalSection
	GlobalSection(ExtensibilityGlobals) = postSolution
		SolutionGuid = {1690A837-FFE7-4928-9826-0E3C22865F4B}
	EndGlobalSection
EndGlobal
